// !$*UTF8*$!
{
	archiveVersion = 1;
	classes = {
	};
	objectVersion = 46;
	objects = {

/* Begin PBXBuildFile section */
		B9BE10831B7DEF6800ABDD5D /* main.m in Sources */ = {isa = PBXBuildFile; fileRef = B9BE10821B7DEF6800ABDD5D /* main.m */; };
		B9BE10861B7DEF6800ABDD5D /* AppDelegate.m in Sources */ = {isa = PBXBuildFile; fileRef = B9BE10851B7DEF6800ABDD5D /* AppDelegate.m */; };
		B9BE10891B7DEF6800ABDD5D /* ViewController.m in Sources */ = {isa = PBXBuildFile; fileRef = B9BE10881B7DEF6800ABDD5D /* ViewController.m */; };
		B9BE108C1B7DEF6800ABDD5D /* Main.storyboard in Resources */ = {isa = PBXBuildFile; fileRef = B9BE108A1B7DEF6800ABDD5D /* Main.storyboard */; };
		B9BE108E1B7DEF6800ABDD5D /* Images.xcassets in Resources */ = {isa = PBXBuildFile; fileRef = B9BE108D1B7DEF6800ABDD5D /* Images.xcassets */; };
		B9BE10911B7DEF6800ABDD5D /* LaunchScreen.xib in Resources */ = {isa = PBXBuildFile; fileRef = B9BE108F1B7DEF6800ABDD5D /* LaunchScreen.xib */; };
		B9BE109D1B7DEF6800ABDD5D /* IVTestTests.m in Sources */ = {isa = PBXBuildFile; fileRef = B9BE109C1B7DEF6800ABDD5D /* IVTestTests.m */; };
/* End PBXBuildFile section */

/* Begin PBXContainerItemProxy section */
		B9BE10971B7DEF6800ABDD5D /* PBXContainerItemProxy */ = {
			isa = PBXContainerItemProxy;
			containerPortal = B9BE10751B7DEF6800ABDD5D /* Project object */;
			proxyType = 1;
			remoteGlobalIDString = B9BE107C1B7DEF6800ABDD5D;
			remoteInfo = IVTest;
		};
/* End PBXContainerItemProxy section */

/* Begin PBXFileReference section */
		B9BE107D1B7DEF6800ABDD5D /* IVTest.app */ = {isa = PBXFileReference; explicitFileType = wrapper.application; includeInIndex = 0; path = IVTest.app; sourceTree = BUILT_PRODUCTS_DIR; };
		B9BE10811B7DEF6800ABDD5D /* Info.plist */ = {isa = PBXFileReference; lastKnownFileType = text.plist.xml; path = Info.plist; sourceTree = "<group>"; };
		B9BE10821B7DEF6800ABDD5D /* main.m */ = {isa = PBXFileReference; lastKnownFileType = sourcecode.c.objc; path = main.m; sourceTree = "<group>"; };
		B9BE10841B7DEF6800ABDD5D /* AppDelegate.h */ = {isa = PBXFileReference; lastKnownFileType = sourcecode.c.h; path = AppDelegate.h; sourceTree = "<group>"; };
		B9BE10851B7DEF6800ABDD5D /* AppDelegate.m */ = {isa = PBXFileReference; lastKnownFileType = sourcecode.c.objc; path = AppDelegate.m; sourceTree = "<group>"; };
		B9BE10871B7DEF6800ABDD5D /* ViewController.h */ = {isa = PBXFileReference; lastKnownFileType = sourcecode.c.h; path = ViewController.h; sourceTree = "<group>"; };
		B9BE10881B7DEF6800ABDD5D /* ViewController.m */ = {isa = PBXFileReference; lastKnownFileType = sourcecode.c.objc; path = ViewController.m; sourceTree = "<group>"; };
		B9BE108B1B7DEF6800ABDD5D /* Base */ = {isa = PBXFileReference; lastKnownFileType = file.storyboard; name = Base; path = Base.lproj/Main.storyboard; sourceTree = "<group>"; };
		B9BE108D1B7DEF6800ABDD5D /* Images.xcassets */ = {isa = PBXFileReference; lastKnownFileType = folder.assetcatalog; path = Images.xcassets; sourceTree = "<group>"; };
		B9BE10901B7DEF6800ABDD5D /* Base */ = {isa = PBXFileReference; lastKnownFileType = file.xib; name = Base; path = Base.lproj/LaunchScreen.xib; sourceTree = "<group>"; };
		B9BE10961B7DEF6800ABDD5D /* IVTestTests.xctest */ = {isa = PBXFileReference; explicitFileType = wrapper.cfbundle; includeInIndex = 0; path = IVTestTests.xctest; sourceTree = BUILT_PRODUCTS_DIR; };
		B9BE109B1B7DEF6800ABDD5D /* Info.plist */ = {isa = PBXFileReference; lastKnownFileType = text.plist.xml; path = Info.plist; sourceTree = "<group>"; };
		B9BE109C1B7DEF6800ABDD5D /* IVTestTests.m */ = {isa = PBXFileReference; lastKnownFileType = sourcecode.c.objc; path = IVTestTests.m; sourceTree = "<group>"; };
/* End PBXFileReference section */

/* Begin PBXFrameworksBuildPhase section */
		B9BE107A1B7DEF6800ABDD5D /* Frameworks */ = {
			isa = PBXFrameworksBuildPhase;
			buildActionMask = 2147483647;
			files = (
			);
			runOnlyForDeploymentPostprocessing = 0;
		};
		B9BE10931B7DEF6800ABDD5D /* Frameworks */ = {
			isa = PBXFrameworksBuildPhase;
			buildActionMask = 2147483647;
			files = (
			);
			runOnlyForDeploymentPostprocessing = 0;
		};
/* End PBXFrameworksBuildPhase section */

/* Begin PBXGroup section */
		B9BE10741B7DEF6800ABDD5D = {
			isa = PBXGroup;
			children = (
				B9BE107F1B7DEF6800ABDD5D /* IVTest */,
				B9BE10991B7DEF6800ABDD5D /* IVTestTests */,
				B9BE107E1B7DEF6800ABDD5D /* Products */,
			);
			sourceTree = "<group>";
		};
		B9BE107E1B7DEF6800ABDD5D /* Products */ = {
			isa = PBXGroup;
			children = (
				B9BE107D1B7DEF6800ABDD5D /* IVTest.app */,
				B9BE10961B7DEF6800ABDD5D /* IVTestTests.xctest */,
			);
			name = Products;
			sourceTree = "<group>";
		};
		B9BE107F1B7DEF6800ABDD5D /* IVTest */ = {
			isa = PBXGroup;
			children = (
				B9BE10841B7DEF6800ABDD5D /* AppDelegate.h */,
				B9BE10851B7DEF6800ABDD5D /* AppDelegate.m */,
				B9BE10871B7DEF6800ABDD5D /* ViewController.h */,
				B9BE10881B7DEF6800ABDD5D /* ViewController.m */,
				B9BE108A1B7DEF6800ABDD5D /* Main.storyboard */,
				B9BE108D1B7DEF6800ABDD5D /* Images.xcassets */,
				B9BE108F1B7DEF6800ABDD5D /* LaunchScreen.xib */,
				B9BE10801B7DEF6800ABDD5D /* Supporting Files */,
			);
			path = IVTest;
			sourceTree = "<group>";
		};
		B9BE10801B7DEF6800ABDD5D /* Supporting Files */ = {
			isa = PBXGroup;
			children = (
				B9BE10811B7DEF6800ABDD5D /* Info.plist */,
				B9BE10821B7DEF6800ABDD5D /* main.m */,
			);
			name = "Supporting Files";
			sourceTree = "<group>";
		};
		B9BE10991B7DEF6800ABDD5D /* IVTestTests */ = {
			isa = PBXGroup;
			children = (
				B9BE109C1B7DEF6800ABDD5D /* IVTestTests.m */,
				B9BE109A1B7DEF6800ABDD5D /* Supporting Files */,
			);
			path = IVTestTests;
			sourceTree = "<group>";
		};
		B9BE109A1B7DEF6800ABDD5D /* Supporting Files */ = {
			isa = PBXGroup;
			children = (
				B9BE109B1B7DEF6800ABDD5D /* Info.plist */,
			);
			name = "Supporting Files";
			sourceTree = "<group>";
		};
/* End PBXGroup section */

/* Begin PBXNativeTarget section */
		B9BE107C1B7DEF6800ABDD5D /* IVTest */ = {
			isa = PBXNativeTarget;
			buildConfigurationList = B9BE10A01B7DEF6800ABDD5D /* Build configuration list for PBXNativeTarget "IVTest" */;
			buildPhases = (
				B9BE10791B7DEF6800ABDD5D /* Sources */,
				B9BE107A1B7DEF6800ABDD5D /* Frameworks */,
				B9BE107B1B7DEF6800ABDD5D /* Resources */,
			);
			buildRules = (
			);
			dependencies = (
			);
			name = IVTest;
			productName = IVTest;
			productReference = B9BE107D1B7DEF6800ABDD5D /* IVTest.app */;
			productType = "com.apple.product-type.application";
		};
		B9BE10951B7DEF6800ABDD5D /* IVTestTests */ = {
			isa = PBXNativeTarget;
			buildConfigurationList = B9BE10A31B7DEF6800ABDD5D /* Build configuration list for PBXNativeTarget "IVTestTests" */;
			buildPhases = (
				B9BE10921B7DEF6800ABDD5D /* Sources */,
				B9BE10931B7DEF6800ABDD5D /* Frameworks */,
				B9BE10941B7DEF6800ABDD5D /* Resources */,
			);
			buildRules = (
			);
			dependencies = (
				B9BE10981B7DEF6800ABDD5D /* PBXTargetDependency */,
			);
			name = IVTestTests;
			productName = IVTestTests;
			productReference = B9BE10961B7DEF6800ABDD5D /* IVTestTests.xctest */;
			productType = "com.apple.product-type.bundle.unit-test";
		};
/* End PBXNativeTarget section */

/* Begin PBXProject section */
		B9BE10751B7DEF6800ABDD5D /* Project object */ = {
			isa = PBXProject;
			attributes = {
				LastUpgradeCheck = 0640;
				ORGANIZATIONNAME = SongJunliang;
				TargetAttributes = {
					B9BE107C1B7DEF6800ABDD5D = {
						CreatedOnToolsVersion = 6.4;
					};
					B9BE10951B7DEF6800ABDD5D = {
						CreatedOnToolsVersion = 6.4;
						TestTargetID = B9BE107C1B7DEF6800ABDD5D;
					};
				};
			};
			buildConfigurationList = B9BE10781B7DEF6800ABDD5D /* Build configuration list for PBXProject "IVTest" */;
			compatibilityVersion = "Xcode 3.2";
			developmentRegion = English;
			hasScannedForEncodings = 0;
			knownRegions = (
				en,
				Base,
			);
			mainGroup = B9BE10741B7DEF6800ABDD5D;
			productRefGroup = B9BE107E1B7DEF6800ABDD5D /* Products */;
			projectDirPath = "";
			projectRoot = "";
			targets = (
				B9BE107C1B7DEF6800ABDD5D /* IVTest */,
				B9BE10951B7DEF6800ABDD5D /* IVTestTests */,
			);
		};
/* End PBXProject section */

/* Begin PBXResourcesBuildPhase section */
		B9BE107B1B7DEF6800ABDD5D /* Resources */ = {
			isa = PBXResourcesBuildPhase;
			buildActionMask = 2147483647;
			files = (
				B9BE108C1B7DEF6800ABDD5D /* Main.storyboard in Resources */,
				B9BE10911B7DEF6800ABDD5D /* LaunchScreen.xib in Resources */,
				B9BE108E1B7DEF6800ABDD5D /* Images.xcassets in Resources */,
			);
			runOnlyForDeploymentPostprocessing = 0;
		};
		B9BE10941B7DEF6800ABDD5D /* Resources */ = {
			isa = PBXResourcesBuildPhase;
			buildActionMask = 2147483647;
			files = (
			);
			runOnlyForDeploymentPostprocessing = 0;
		};
/* End PBXResourcesBuildPhase section */

/* Begin PBXSourcesBuildPhase section */
		B9BE10791B7DEF6800ABDD5D /* Sources */ = {
			isa = PBXSourcesBuildPhase;
			buildActionMask = 2147483647;
			files = (
				B9BE10891B7DEF6800ABDD5D /* ViewController.m in Sources */,
				B9BE10861B7DEF6800ABDD5D /* AppDelegate.m in Sources */,
				B9BE10831B7DEF6800ABDD5D /* main.m in Sources */,
			);
			runOnlyForDeploymentPostprocessing = 0;
		};
		B9BE10921B7DEF6800ABDD5D /* Sources */ = {
			isa = PBXSourcesBuildPhase;
			buildActionMask = 2147483647;
			files = (
				B9BE109D1B7DEF6800ABDD5D /* IVTestTests.m in Sources */,
			);
			runOnlyForDeploymentPostprocessing = 0;
		};
/* End PBXSourcesBuildPhase section */

/* Begin PBXTargetDependency section */
		B9BE10981B7DEF6800ABDD5D /* PBXTargetDependency */ = {
			isa = PBXTargetDependency;
			target = B9BE107C1B7DEF6800ABDD5D /* IVTest */;
			targetProxy = B9BE10971B7DEF6800ABDD5D /* PBXContainerItemProxy */;
		};
/* End PBXTargetDependency section */

/* Begin PBXVariantGroup section */
		B9BE108A1B7DEF6800ABDD5D /* Main.storyboard */ = {
			isa = PBXVariantGroup;
			children = (
				B9BE108B1B7DEF6800ABDD5D /* Base */,
			);
			name = Main.storyboard;
			sourceTree = "<group>";
		};
		B9BE108F1B7DEF6800ABDD5D /* LaunchScreen.xib */ = {
			isa = PBXVariantGroup;
			children = (
				B9BE10901B7DEF6800ABDD5D /* Base */,
			);
			name = LaunchScreen.xib;
			sourceTree = "<group>";
		};
/* End PBXVariantGroup section */

/* Begin XCBuildConfiguration section */
		B9BE109E1B7DEF6800ABDD5D /* Debug */ = {
			isa = XCBuildConfiguration;
			buildSettings = {
				ALWAYS_SEARCH_USER_PATHS = NO;
				CLANG_CXX_LANGUAGE_STANDARD = "gnu++0x";
				CLANG_CXX_LIBRARY = "libc++";
				CLANG_ENABLE_MODULES = YES;
				CLANG_ENABLE_OBJC_ARC = YES;
				CLANG_WARN_BOOL_CONVERSION = YES;
				CLANG_WARN_CONSTANT_CONVERSION = YES;
				CLANG_WARN_DIRECT_OBJC_ISA_USAGE = YES_ERROR;
				CLANG_WARN_EMPTY_BODY = YES;
				CLANG_WARN_ENUM_CONVERSION = YES;
				CLANG_WARN_INT_CONVERSION = YES;
				CLANG_WARN_OBJC_ROOT_CLASS = YES_ERROR;
				CLANG_WARN_UNREACHABLE_CODE = YES;
				CLANG_WARN__DUPLICATE_METHOD_MATCH = YES;
				"CODE_SIGN_IDENTITY[sdk=iphoneos*]" = "iPhone Developer";
				COPY_PHASE_STRIP = NO;
				DEBUG_INFORMATION_FORMAT = "dwarf-with-dsym";
				ENABLE_STRICT_OBJC_MSGSEND = YES;
				GCC_C_LANGUAGE_STANDARD = gnu99;
				GCC_DYNAMIC_NO_PIC = NO;
				GCC_NO_COMMON_BLOCKS = YES;
				GCC_OPTIMIZATION_LEVEL = 0;
				GCC_PREPROCESSOR_DEFINITIONS = (
					"DEBUG=1",
					"$(inherited)",
				);
				GCC_SYMBOLS_PRIVATE_EXTERN = NO;
				GCC_WARN_64_TO_32_BIT_CONVERSION = YES;
				GCC_WARN_ABOUT_RETURN_TYPE = YES_ERROR;
				GCC_WARN_UNDECLARED_SELECTOR = YES;
				GCC_WARN_UNINITIALIZED_AUTOS = YES_AGGRESSIVE;
				GCC_WARN_UNUSED_FUNCTION = YES;
				GCC_WARN_UNUSED_VARIABLE = YES;
				IPHONEOS_DEPLOYMENT_TARGET = 8.4;
				MTL_ENABLE_DEBUG_INFO = YES;
				ONLY_ACTIVE_ARCH = YES;
				SDKROOT = iphoneos;
				TARGETED_DEVICE_FAMILY = "1,2";
			};
			name = Debug;
		};
		B9BE109F1B7DEF6800ABDD5D /* Release */ = {
			isa = XCBuildConfiguration;
			buildSettings = {
				ALWAYS_SEARCH_USER_PATHS = NO;
				CLANG_CXX_LANGUAGE_STANDARD = "gnu++0x";
				CLANG_CXX_LIBRARY = "libc++";
				CLANG_ENABLE_MODULES = YES;
				CLANG_ENABLE_OBJC_ARC = YES;
				CLANG_WARN_BOOL_CONVERSION = YES;
				CLANG_WARN_CONSTANT_CONVERSION = YES;
				CLANG_WARN_DIRECT_OBJC_ISA_USAGE = YES_ERROR;
				CLANG_WARN_EMPTY_BODY = YES;
				CLANG_WARN_ENUM_CONVERSION = YES;
				CLANG_WARN_INT_CONVERSION = YES;
				CLANG_WARN_OBJC_ROOT_CLASS = YES_ERROR;
				CLANG_WARN_UNREACHABLE_CODE = YES;
				CLANG_WARN__DUPLICATE_METHOD_MATCH = YES;
				"CODE_SIGN_IDENTITY[sdk=iphoneos*]" = "iPhone Developer";
				COPY_PHASE_STRIP = NO;
				DEBUG_INFORMATION_FORMAT = "dwarf-with-dsym";
				ENABLE_NS_ASSERTIONS = NO;
				ENABLE_STRICT_OBJC_MSGSEND = YES;
				GCC_C_LANGUAGE_STANDARD = gnu99;
				GCC_NO_COMMON_BLOCKS = YES;
				GCC_WARN_64_TO_32_BIT_CONVERSION = YES;
				GCC_WARN_ABOUT_RETURN_TYPE = YES_ERROR;
				GCC_WARN_UNDECLARED_SELECTOR = YES;
				GCC_WARN_UNINITIALIZED_AUTOS = YES_AGGRESSIVE;
				GCC_WARN_UNUSED_FUNCTION = YES;
				GCC_WARN_UNUSED_VARIABLE = YES;
				IPHONEOS_DEPLOYMENT_TARGET = 8.4;
				MTL_ENABLE_DEBUG_INFO = NO;
				SDKROOT = iphoneos;
				TARGETED_DEVICE_FAMILY = "1,2";
				VALIDATE_PRODUCT = YES;
			};
			name = Release;
		};
		B9BE10A11B7DEF6800ABDD5D /* Debug */ = {
			isa = XCBuildConfiguration;
			buildSettings = {
				ASSETCATALOG_COMPILER_APPICON_NAME = AppIcon;
				INFOPLIST_FILE = IVTest/Info.plist;
				LD_RUNPATH_SEARCH_PATHS = "$(inherited) @executable_path/Frameworks";
				PRODUCT_NAME = "$(TARGET_NAME)";
			};
			name = Debug;
		};
		B9BE10A21B7DEF6800ABDD5D /* Release */ = {
			isa = XCBuildConfiguration;
			buildSettings = {
				ASSETCATALOG_COMPILER_APPICON_NAME = AppIcon;
				INFOPLIST_FILE = IVTest/Info.plist;
				LD_RUNPATH_SEARCH_PATHS = "$(inherited) @executable_path/Frameworks";
				PRODUCT_NAME = "$(TARGET_NAME)";
			};
			name = Release;
		};
		B9BE10A41B7DEF6800ABDD5D /* Debug */ = {
			isa = XCBuildConfiguration;
			buildSettings = {
				BUNDLE_LOADER = "$(TEST_HOST)";
				FRAMEWORK_SEARCH_PATHS = (
					"$(SDKROOT)/Developer/Library/Frameworks",
					"$(inherited)",
				);
				GCC_PREPROCESSOR_DEFINITIONS = (
					"DEBUG=1",
					"$(inherited)",
				);
				INFOPLIST_FILE = IVTestTests/Info.plist;
				LD_RUNPATH_SEARCH_PATHS = "$(inherited) @executable_path/Frameworks @loader_path/Frameworks";
				PRODUCT_NAME = "$(TARGET_NAME)";
				TEST_HOST = "$(BUILT_PRODUCTS_DIR)/IVTest.app/IVTest";
			};
			name = Debug;
		};
		B9BE10A51B7DEF6800ABDD5D /* Release */ = {
			isa = XCBuildConfiguration;
			buildSettings = {
				BUNDLE_LOADER = "$(TEST_HOST)";
				FRAMEWORK_SEARCH_PATHS = (
					"$(SDKROOT)/Developer/Library/Frameworks",
					"$(inherited)",
				);
				INFOPLIST_FILE = IVTestTests/Info.plist;
				LD_RUNPATH_SEARCH_PATHS = "$(inherited) @executable_path/Frameworks @loader_path/Frameworks";
				PRODUCT_NAME = "$(TARGET_NAME)";
				TEST_HOST = "$(BUILT_PRODUCTS_DIR)/IVTest.app/IVTest";
			};
			name = Release;
		};
/* End XCBuildConfiguration section */

/* Begin XCConfigurationList section */
		B9BE10781B7DEF6800ABDD5D /* Build configuration list for PBXProject "IVTest" */ = {
			isa = XCConfigurationList;
			buildConfigurations = (
				B9BE109E1B7DEF6800ABDD5D /* Debug */,
				B9BE109F1B7DEF6800ABDD5D /* Release */,
			);
			defaultConfigurationIsVisible = 0;
			defaultConfigurationName = Release;
		};
		B9BE10A01B7DEF6800ABDD5D /* Build configuration list for PBXNativeTarget "IVTest" */ = {
			isa = XCConfigurationList;
			buildConfigurations = (
				B9BE10A11B7DEF6800ABDD5D /* Debug */,
				B9BE10A21B7DEF6800ABDD5D /* Release */,
			);
			defaultConfigurationIsVisible = 0;
		};
		B9BE10A31B7DEF6800ABDD5D /* Build configuration list for PBXNativeTarget "IVTestTests" */ = {
			isa = XCConfigurationList;
			buildConfigurations = (
				B9BE10A41B7DEF6800ABDD5D /* Debug */,
				B9BE10A51B7DEF6800ABDD5D /* Release */,
			);
			defaultConfigurationIsVisible = 0;
		};
/* End XCConfigurationList section */
	};
	rootObject = B9BE10751B7DEF6800ABDD5D /* Project object */;
}
